
Microsoft Visual Studio Solution File, Format Version 12.00
# Visual Studio 2012
Project("{FAE04EC0-301F-11D3-BF4B-00C04F79EFBC}") = "IBITest", "IBITest\IBITest.csproj", "{1D396AFD-AFA1-48EE-A544-16D91784E26B}"
EndProject
Project("{FAE04EC0-301F-11D3-BF4B-00C04F79EFBC}") = "IBIService", "IBIService\IBIService.csproj", "{DEC66EB6-9283-4E2D-8559-51A2EFD10E19}"
EndProject
Global
	GlobalSection(SolutionConfigurationPlatforms) = preSolution
		Debug|Any CPU = Debug|Any CPU
		Release|Any CPU = Release|Any CPU
	EndGlobalSection
	GlobalSection(ProjectConfigurationPlatforms) = postSolution
		{1D396AFD-AFA1-48EE-A544-16D91784E26B}.Debug|Any CPU.ActiveCfg = Debug|Any CPU
		{1D396AFD-AFA1-48EE-A544-16D91784E26B}.Debug|Any CPU.Build.0 = Debug|Any CPU
		{1D396AFD-AFA1-48EE-A544-16D91784E26B}.Release|Any CPU.ActiveCfg = Release|Any CPU
		{1D396AFD-AFA1-48EE-A544-16D91784E26B}.Release|Any CPU.Build.0 = Release|Any CPU
		{DEC66EB6-9283-4E2D-8559-51A2EFD10E19}.Debug|Any CPU.ActiveCfg = Debug|Any CPU
		{DEC66EB6-9283-4E2D-8559-51A2EFD10E19}.Debug|Any CPU.Build.0 = Debug|Any CPU
		{DEC66EB6-9283-4E2D-8559-51A2EFD10E19}.Release|Any CPU.ActiveCfg = Release|Any CPU
		{DEC66EB6-9283-4E2D-8559-51A2EFD10E19}.Release|Any CPU.Build.0 = Release|Any CPU
	EndGlobalSection
	GlobalSection(SolutionProperties) = preSolution
		HideSolutionNode = FALSE
	EndGlobalSection
EndGlobal
